
Microsoft Visual Studio Solution File, Format Version 12.00
# Visual Studio 15
VisualStudioVersion = 15.0.26730.16
MinimumVisualStudioVersion = 10.0.40219.1
Project("{E24C65DC-7377-472B-9ABA-BC803B73C61A}") = "pcook(1)", "pcook\", "{72CE9E7C-866D-4BB1-BCC0-D80FF869D6DB}"
	ProjectSection(WebsiteProperties) = preProject
		TargetFrameworkMoniker = ".NETFramework,Version%3Dv2.0"
		Debug.AspNetCompiler.VirtualPath = "/localhost_1407"
		Debug.AspNetCompiler.PhysicalPath = "pcook\"
		Debug.AspNetCompiler.TargetPath = "PrecompiledWeb\localhost_1407\"
		Debug.AspNetCompiler.Updateable = "true"
		Debug.AspNetCompiler.ForceOverwrite = "true"
		Debug.AspNetCompiler.FixedNames = "false"
		Debug.AspNetCompiler.Debug = "True"
		Release.AspNetCompiler.VirtualPath = "/localhost_1407"
		Release.AspNetCompiler.PhysicalPath = "pcook\"
		Release.AspNetCompiler.TargetPath = "PrecompiledWeb\localhost_1407\"
		Release.AspNetCompiler.Updateable = "true"
		Release.AspNetCompiler.ForceOverwrite = "true"
		Release.AspNetCompiler.FixedNames = "false"
		Release.AspNetCompiler.Debug = "False"
		VWDPort = "1407"
		SlnRelativePath = "pcook\"
	EndProjectSection
EndProject
Global
	GlobalSection(SolutionConfigurationPlatforms) = preSolution
		Debug|Any CPU = Debug|Any CPU
	EndGlobalSection
	GlobalSection(ProjectConfigurationPlatforms) = postSolution
		{72CE9E7C-866D-4BB1-BCC0-D80FF869D6DB}.Debug|Any CPU.ActiveCfg = Debug|Any CPU
		{72CE9E7C-866D-4BB1-BCC0-D80FF869D6DB}.Debug|Any CPU.Build.0 = Debug|Any CPU
	EndGlobalSection
	GlobalSection(SolutionProperties) = preSolution
		HideSolutionNode = FALSE
	EndGlobalSection
	GlobalSection(ExtensibilityGlobals) = postSolution
		SolutionGuid = {205F038E-9324-45DA-9D94-A10CCF73341A}
	EndGlobalSection
EndGlobal
